{
  "name": "elise",
  "version": "2.0.0",
  "lockfileVersion": 3,
  "requires": true,
  "packages": {
    "": {
      "name": "elise",
      "version": "2.0.0",
      "devDependencies": {
        "@types/node": "^22.9.4"
      }
    },
    "node_modules/.pnpm/@types+node@22.19.1": {},
    "node_modules/.pnpm/@types+node@22.19.1/node_modules/@types/node": {
      "version": "22.19.1",
      "dev": true,
      "license": "MIT",
      "dependencies": {
        "undici-types": "~6.21.0"
      }
    },
    "node_modules/.pnpm/@types+node@22.19.1/node_modules/undici-types": {
      "resolved": "node_modules/.pnpm/undici-types@6.21.0/node_modules/undici-types",
      "link": true
    },
    "node_modules/.pnpm/undici-types@6.21.0/node_modules/undici-types": {
      "version": "6.21.0",
      "dev": true,
      "license": "MIT"
    },
    "node_modules/@types/node": {
      "resolved": "node_modules/.pnpm/@types+node@22.19.1/node_modules/@types/node",
      "link": true
    }
  }
}
